
Microsoft Visual Studio Solution File, Format Version 12.00
# Visual Studio Version 16
VisualStudioVersion = 16.0.30309.148
MinimumVisualStudioVersion = 10.0.40219.1
Project("{9A19103F-16F7-4668-BE54-9A1E7A4F7556}") = "TipCalc.Core", "TipCalc.Core\TipCalc.Core.csproj", "{0260FA16-9205-49D0-B6D2-22D805D6F3D0}"
EndProject
Project("{FAE04EC0-301F-11D3-BF4B-00C04F79EFBC}") = "TipCalc.Droid", "TipCalc.Droid\TipCalc.Droid.csproj", "{1EBC3D50-2E45-44AF-A0B5-FF6224FCF050}"
EndProject
Project("{FAE04EC0-301F-11D3-BF4B-00C04F79EFBC}") = "TipCalc.Ios", "TipCalc.Ios\TipCalc.Ios.csproj", "{023F00E1-C358-43DD-9F02-F6DF1D1C3A1B}"
EndProject
Project("{FAE04EC0-301F-11D3-BF4B-00C04F79EFBC}") = "TipCalc.Uwp", "TipCalc.Uwp\TipCalc.Uwp.csproj", "{E4C1698D-289C-423A-942D-E3B8DC3CD7C3}"
EndProject
Project("{FAE04EC0-301F-11D3-BF4B-00C04F79EFBC}") = "TipCalc.Wpf", "TipCalc.Wpf\TipCalc.Wpf.csproj", "{F040447A-160E-446E-BFE3-785799F88469}"
EndProject
Project("{9A19103F-16F7-4668-BE54-9A1E7A4F7556}") = "TipCalc.Forms.Ui", "TipCalc.Forms.Ui\TipCalc.Forms.Ui.csproj", "{C65F3EE6-E635-445F-BC4E-9918CC9C68F6}"
EndProject
Project("{FAE04EC0-301F-11D3-BF4B-00C04F79EFBC}") = "TipCalc.Forms.Droid", "TipCalc.Forms.Droid\TipCalc.Forms.Droid.csproj", "{CA25839A-CA2E-42E2-87B4-6C1C2AFAAAA7}"
EndProject
Project("{FAE04EC0-301F-11D3-BF4B-00C04F79EFBC}") = "TipCalc.Forms.Ios", "TipCalc.Forms.Ios\TipCalc.Forms.Ios.csproj", "{FD48DBBC-77C4-4480-AD7F-85F1F5125178}"
EndProject
Global
	GlobalSection(SolutionConfigurationPlatforms) = preSolution
		Debug|Any CPU = Debug|Any CPU
		Debug|ARM = Debug|ARM
		Debug|ARM64 = Debug|ARM64
		Debug|iPhone = Debug|iPhone
		Debug|iPhoneSimulator = Debug|iPhoneSimulator
		Debug|x64 = Debug|x64
		Debug|x86 = Debug|x86
		Release|Any CPU = Release|Any CPU
		Release|ARM = Release|ARM
		Release|ARM64 = Release|ARM64
		Release|iPhone = Release|iPhone
		Release|iPhoneSimulator = Release|iPhoneSimulator
		Release|x64 = Release|x64
		Release|x86 = Release|x86
	EndGlobalSection
	GlobalSection(ProjectConfigurationPlatforms) = postSolution
		{0260FA16-9205-49D0-B6D2-22D805D6F3D0}.Debug|Any CPU.ActiveCfg = Debug|Any CPU
		{0260FA16-9205-49D0-B6D2-22D805D6F3D0}.Debug|Any CPU.Build.0 = Debug|Any CPU
		{0260FA16-9205-49D0-B6D2-22D805D6F3D0}.Debug|ARM.ActiveCfg = Debug|Any CPU
		{0260FA16-9205-49D0-B6D2-22D805D6F3D0}.Debug|ARM.Build.0 = Debug|Any CPU
		{0260FA16-9205-49D0-B6D2-22D805D6F3D0}.Debug|ARM64.ActiveCfg = Debug|Any CPU
		{0260FA16-9205-49D0-B6D2-22D805D6F3D0}.Debug|ARM64.Build.0 = Debug|Any CPU
		{0260FA16-9205-49D0-B6D2-22D805D6F3D0}.Debug|iPhone.ActiveCfg = Debug|Any CPU
		{0260FA16-9205-49D0-B6D2-22D805D6F3D0}.Debug|iPhone.Build.0 = Debug|Any CPU
		{0260FA16-9205-49D0-B6D2-22D805D6F3D0}.Debug|iPhoneSimulator.ActiveCfg = Debug|Any CPU
		{0260FA16-9205-49D0-B6D2-22D805D6F3D0}.Debug|iPhoneSimulator.Build.0 = Debug|Any CPU
		{0260FA16-9205-49D0-B6D2-22D805D6F3D0}.Debug|x64.ActiveCfg = Debug|Any CPU
		{0260FA16-9205-49D0-B6D2-22D805D6F3D0}.Debug|x64.Build.0 = Debug|Any CPU
		{0260FA16-9205-49D0-B6D2-22D805D6F3D0}.Debug|x86.ActiveCfg = Debug|Any CPU
		{0260FA16-9205-49D0-B6D2-22D805D6F3D0}.Debug|x86.Build.0 = Debug|Any CPU
		{0260FA16-9205-49D0-B6D2-22D805D6F3D0}.Release|Any CPU.ActiveCfg = Release|Any CPU
		{0260FA16-9205-49D0-B6D2-22D805D6F3D0}.Release|Any CPU.Build.0 = Release|Any CPU
		{0260FA16-9205-49D0-B6D2-22D805D6F3D0}.Release|ARM.ActiveCfg = Release|Any CPU
		{0260FA16-9205-49D0-B6D2-22D805D6F3D0}.Release|ARM.Build.0 = Release|Any CPU
		{0260FA16-9205-49D0-B6D2-22D805D6F3D0}.Release|ARM64.ActiveCfg = Release|Any CPU
		{0260FA16-9205-49D0-B6D2-22D805D6F3D0}.Release|ARM64.Build.0 = Release|Any CPU
		{0260FA16-9205-49D0-B6D2-22D805D6F3D0}.Release|iPhone.ActiveCfg = Release|Any CPU
		{0260FA16-9205-49D0-B6D2-22D805D6F3D0}.Release|iPhone.Build.0 = Release|Any CPU
		{0260FA16-9205-49D0-B6D2-22D805D6F3D0}.Release|iPhoneSimulator.ActiveCfg = Release|Any CPU
		{0260FA16-9205-49D0-B6D2-22D805D6F3D0}.Release|iPhoneSimulator.Build.0 = Release|Any CPU
		{0260FA16-9205-49D0-B6D2-22D805D6F3D0}.Release|x64.ActiveCfg = Release|Any CPU
		{0260FA16-9205-49D0-B6D2-22D805D6F3D0}.Release|x64.Build.0 = Release|Any CPU
		{0260FA16-9205-49D0-B6D2-22D805D6F3D0}.Release|x86.ActiveCfg = Release|Any CPU
		{0260FA16-9205-49D0-B6D2-22D805D6F3D0}.Release|x86.Build.0 = Release|Any CPU
		{1EBC3D50-2E45-44AF-A0B5-FF6224FCF050}.Debug|Any CPU.ActiveCfg = Debug|Any CPU
		{1EBC3D50-2E45-44AF-A0B5-FF6224FCF050}.Debug|Any CPU.Build.0 = Debug|Any CPU
		{1EBC3D50-2E45-44AF-A0B5-FF6224FCF050}.Debug|Any CPU.Deploy.0 = Debug|Any CPU
		{1EBC3D50-2E45-44AF-A0B5-FF6224FCF050}.Debug|ARM.ActiveCfg = Debug|Any CPU
		{1EBC3D50-2E45-44AF-A0B5-FF6224FCF050}.Debug|ARM.Build.0 = Debug|Any CPU
		{1EBC3D50-2E45-44AF-A0B5-FF6224FCF050}.Debug|ARM.Deploy.0 = Debug|Any CPU
		{1EBC3D50-2E45-44AF-A0B5-FF6224FCF050}.Debug|ARM64.ActiveCfg = Debug|Any CPU
		{1EBC3D50-2E45-44AF-A0B5-FF6224FCF050}.Debug|ARM64.Build.0 = Debug|Any CPU
		{1EBC3D50-2E45-44AF-A0B5-FF6224FCF050}.Debug|ARM64.Deploy.0 = Debug|Any CPU
		{1EBC3D50-2E45-44AF-A0B5-FF6224FCF050}.Debug|iPhone.ActiveCfg = Debug|Any CPU
		{1EBC3D50-2E45-44AF-A0B5-FF6224FCF050}.Debug|iPhone.Build.0 = Debug|Any CPU
		{1EBC3D50-2E45-44AF-A0B5-FF6224FCF050}.Debug|iPhone.Deploy.0 = Debug|Any CPU
		{1EBC3D50-2E45-44AF-A0B5-FF6224FCF050}.Debug|iPhoneSimulator.ActiveCfg = Debug|Any CPU
		{1EBC3D50-2E45-44AF-A0B5-FF6224FCF050}.Debug|iPhoneSimulator.Build.0 = Debug|Any CPU
		{1EBC3D50-2E45-44AF-A0B5-FF6224FCF050}.Debug|iPhoneSimulator.Deploy.0 = Debug|Any CPU
		{1EBC3D50-2E45-44AF-A0B5-FF6224FCF050}.Debug|x64.ActiveCfg = Debug|Any CPU
		{1EBC3D50-2E45-44AF-A0B5-FF6224FCF050}.Debug|x64.Build.0 = Debug|Any CPU
		{1EBC3D50-2E45-44AF-A0B5-FF6224FCF050}.Debug|x64.Deploy.0 = Debug|Any CPU
		{1EBC3D50-2E45-44AF-A0B5-FF6224FCF050}.Debug|x86.ActiveCfg = Debug|Any CPU
		{1EBC3D50-2E45-44AF-A0B5-FF6224FCF050}.Debug|x86.Build.0 = Debug|Any CPU
		{1EBC3D50-2E45-44AF-A0B5-FF6224FCF050}.Debug|x86.Deploy.0 = Debug|Any CPU
		{1EBC3D50-2E45-44AF-A0B5-FF6224FCF050}.Release|Any CPU.ActiveCfg = Release|Any CPU
		{1EBC3D50-2E45-44AF-A0B5-FF6224FCF050}.Release|Any CPU.Build.0 = Release|Any CPU
		{1EBC3D50-2E45-44AF-A0B5-FF6224FCF050}.Release|Any CPU.Deploy.0 = Release|Any CPU
		{1EBC3D50-2E45-44AF-A0B5-FF6224FCF050}.Release|ARM.ActiveCfg = Release|Any CPU
		{1EBC3D50-2E45-44AF-A0B5-FF6224FCF050}.Release|ARM.Build.0 = Release|Any CPU
		{1EBC3D50-2E45-44AF-A0B5-FF6224FCF050}.Release|ARM.Deploy.0 = Release|Any CPU
		{1EBC3D50-2E45-44AF-A0B5-FF6224FCF050}.Release|ARM64.ActiveCfg = Release|Any CPU
		{1EBC3D50-2E45-44AF-A0B5-FF6224FCF050}.Release|ARM64.Build.0 = Release|Any CPU
		{1EBC3D50-2E45-44AF-A0B5-FF6224FCF050}.Release|ARM64.Deploy.0 = Release|Any CPU
		{1EBC3D50-2E45-44AF-A0B5-FF6224FCF050}.Release|iPhone.ActiveCfg = Release|Any CPU
		{1EBC3D50-2E45-44AF-A0B5-FF6224FCF050}.Release|iPhone.Build.0 = Release|Any CPU
		{1EBC3D50-2E45-44AF-A0B5-FF6224FCF050}.Release|iPhone.Deploy.0 = Release|Any CPU
		{1EBC3D50-2E45-44AF-A0B5-FF6224FCF050}.Release|iPhoneSimulator.ActiveCfg = Release|Any CPU
		{1EBC3D50-2E45-44AF-A0B5-FF6224FCF050}.Release|iPhoneSimulator.Build.0 = Release|Any CPU
		{1EBC3D50-2E45-44AF-A0B5-FF6224FCF050}.Release|iPhoneSimulator.Deploy.0 = Release|Any CPU
		{1EBC3D50-2E45-44AF-A0B5-FF6224FCF050}.Release|x64.ActiveCfg = Release|Any CPU
		{1EBC3D50-2E45-44AF-A0B5-FF6224FCF050}.Release|x64.Build.0 = Release|Any CPU
		{1EBC3D50-2E45-44AF-A0B5-FF6224FCF050}.Release|x64.Deploy.0 = Release|Any CPU
		{1EBC3D50-2E45-44AF-A0B5-FF6224FCF050}.Release|x86.ActiveCfg = Release|Any CPU
		{1EBC3D50-2E45-44AF-A0B5-FF6224FCF050}.Release|x86.Build.0 = Release|Any CPU
		{1EBC3D50-2E45-44AF-A0B5-FF6224FCF050}.Release|x86.Deploy.0 = Release|Any CPU
		{023F00E1-C358-43DD-9F02-F6DF1D1C3A1B}.Debug|Any CPU.ActiveCfg = Debug|iPhone
		{023F00E1-C358-43DD-9F02-F6DF1D1C3A1B}.Debug|ARM.ActiveCfg = Debug|iPhoneSimulator
		{023F00E1-C358-43DD-9F02-F6DF1D1C3A1B}.Debug|ARM64.ActiveCfg = Debug|iPhoneSimulator
		{023F00E1-C358-43DD-9F02-F6DF1D1C3A1B}.Debug|iPhone.ActiveCfg = Debug|iPhone
		{023F00E1-C358-43DD-9F02-F6DF1D1C3A1B}.Debug|iPhone.Build.0 = Debug|iPhone
		{023F00E1-C358-43DD-9F02-F6DF1D1C3A1B}.Debug|iPhoneSimulator.ActiveCfg = Debug|iPhoneSimulator
		{023F00E1-C358-43DD-9F02-F6DF1D1C3A1B}.Debug|iPhoneSimulator.Build.0 = Debug|iPhoneSimulator
		{023F00E1-C358-43DD-9F02-F6DF1D1C3A1B}.Debug|x64.ActiveCfg = Debug|iPhoneSimulator
		{023F00E1-C358-43DD-9F02-F6DF1D1C3A1B}.Debug|x86.ActiveCfg = Debug|iPhoneSimulator
		{023F00E1-C358-43DD-9F02-F6DF1D1C3A1B}.Release|Any CPU.ActiveCfg = Release|iPhone
		{023F00E1-C358-43DD-9F02-F6DF1D1C3A1B}.Release|ARM.ActiveCfg = Release|iPhoneSimulator
		{023F00E1-C358-43DD-9F02-F6DF1D1C3A1B}.Release|ARM64.ActiveCfg = Release|iPhoneSimulator
		{023F00E1-C358-43DD-9F02-F6DF1D1C3A1B}.Release|iPhone.ActiveCfg = Release|iPhone
		{023F00E1-C358-43DD-9F02-F6DF1D1C3A1B}.Release|iPhone.Build.0 = Release|iPhone
		{023F00E1-C358-43DD-9F02-F6DF1D1C3A1B}.Release|iPhoneSimulator.ActiveCfg = Release|iPhoneSimulator
		{023F00E1-C358-43DD-9F02-F6DF1D1C3A1B}.Release|iPhoneSimulator.Build.0 = Release|iPhoneSimulator
		{023F00E1-C358-43DD-9F02-F6DF1D1C3A1B}.Release|x64.ActiveCfg = Release|iPhoneSimulator
		{023F00E1-C358-43DD-9F02-F6DF1D1C3A1B}.Release|x86.ActiveCfg = Release|iPhoneSimulator
		{E4C1698D-289C-423A-942D-E3B8DC3CD7C3}.Debug|Any CPU.ActiveCfg = Debug|x86
		{E4C1698D-289C-423A-942D-E3B8DC3CD7C3}.Debug|ARM.ActiveCfg = Debug|ARM
		{E4C1698D-289C-423A-942D-E3B8DC3CD7C3}.Debug|ARM.Build.0 = Debug|ARM
		{E4C1698D-289C-423A-942D-E3B8DC3CD7C3}.Debug|ARM.Deploy.0 = Debug|ARM
		{E4C1698D-289C-423A-942D-E3B8DC3CD7C3}.Debug|ARM64.ActiveCfg = Debug|ARM64
		{E4C1698D-289C-423A-942D-E3B8DC3CD7C3}.Debug|ARM64.Build.0 = Debug|ARM64
		{E4C1698D-289C-423A-942D-E3B8DC3CD7C3}.Debug|ARM64.Deploy.0 = Debug|ARM64
		{E4C1698D-289C-423A-942D-E3B8DC3CD7C3}.Debug|iPhone.ActiveCfg = Debug|x86
		{E4C1698D-289C-423A-942D-E3B8DC3CD7C3}.Debug|iPhoneSimulator.ActiveCfg = Debug|x86
		{E4C1698D-289C-423A-942D-E3B8DC3CD7C3}.Debug|x64.ActiveCfg = Debug|x64
		{E4C1698D-289C-423A-942D-E3B8DC3CD7C3}.Debug|x64.Build.0 = Debug|x64
		{E4C1698D-289C-423A-942D-E3B8DC3CD7C3}.Debug|x64.Deploy.0 = Debug|x64
		{E4C1698D-289C-423A-942D-E3B8DC3CD7C3}.Debug|x86.ActiveCfg = Debug|x86
		{E4C1698D-289C-423A-942D-E3B8DC3CD7C3}.Debug|x86.Build.0 = Debug|x86
		{E4C1698D-289C-423A-942D-E3B8DC3CD7C3}.Debug|x86.Deploy.0 = Debug|x86
		{E4C1698D-289C-423A-942D-E3B8DC3CD7C3}.Release|Any CPU.ActiveCfg = Release|x86
		{E4C1698D-289C-423A-942D-E3B8DC3CD7C3}.Release|ARM.ActiveCfg = Release|ARM
		{E4C1698D-289C-423A-942D-E3B8DC3CD7C3}.Release|ARM.Build.0 = Release|ARM
		{E4C1698D-289C-423A-942D-E3B8DC3CD7C3}.Release|ARM.Deploy.0 = Release|ARM
		{E4C1698D-289C-423A-942D-E3B8DC3CD7C3}.Release|ARM64.ActiveCfg = Release|ARM64
		{E4C1698D-289C-423A-942D-E3B8DC3CD7C3}.Release|ARM64.Build.0 = Release|ARM64
		{E4C1698D-289C-423A-942D-E3B8DC3CD7C3}.Release|ARM64.Deploy.0 = Release|ARM64
		{E4C1698D-289C-423A-942D-E3B8DC3CD7C3}.Release|iPhone.ActiveCfg = Release|x86
		{E4C1698D-289C-423A-942D-E3B8DC3CD7C3}.Release|iPhoneSimulator.ActiveCfg = Release|x86
		{E4C1698D-289C-423A-942D-E3B8DC3CD7C3}.Release|x64.ActiveCfg = Release|x64
		{E4C1698D-289C-423A-942D-E3B8DC3CD7C3}.Release|x64.Build.0 = Release|x64
		{E4C1698D-289C-423A-942D-E3B8DC3CD7C3}.Release|x64.Deploy.0 = Release|x64
		{E4C1698D-289C-423A-942D-E3B8DC3CD7C3}.Release|x86.ActiveCfg = Release|x86
		{E4C1698D-289C-423A-942D-E3B8DC3CD7C3}.Release|x86.Build.0 = Release|x86
		{E4C1698D-289C-423A-942D-E3B8DC3CD7C3}.Release|x86.Deploy.0 = Release|x86
		{F040447A-160E-446E-BFE3-785799F88469}.Debug|Any CPU.ActiveCfg = Debug|Any CPU
		{F040447A-160E-446E-BFE3-785799F88469}.Debug|Any CPU.Build.0 = Debug|Any CPU
		{F040447A-160E-446E-BFE3-785799F88469}.Debug|ARM.ActiveCfg = Debug|Any CPU
		{F040447A-160E-446E-BFE3-785799F88469}.Debug|ARM.Build.0 = Debug|Any CPU
		{F040447A-160E-446E-BFE3-785799F88469}.Debug|ARM64.ActiveCfg = Debug|Any CPU
		{F040447A-160E-446E-BFE3-785799F88469}.Debug|ARM64.Build.0 = Debug|Any CPU
		{F040447A-160E-446E-BFE3-785799F88469}.Debug|iPhone.ActiveCfg = Debug|Any CPU
		{F040447A-160E-446E-BFE3-785799F88469}.Debug|iPhone.Build.0 = Debug|Any CPU
		{F040447A-160E-446E-BFE3-785799F88469}.Debug|iPhoneSimulator.ActiveCfg = Debug|Any CPU
		{F040447A-160E-446E-BFE3-785799F88469}.Debug|iPhoneSimulator.Build.0 = Debug|Any CPU
		{F040447A-160E-446E-BFE3-785799F88469}.Debug|x64.ActiveCfg = Debug|Any CPU
		{F040447A-160E-446E-BFE3-785799F88469}.Debug|x64.Build.0 = Debug|Any CPU
		{F040447A-160E-446E-BFE3-785799F88469}.Debug|x86.ActiveCfg = Debug|Any CPU
		{F040447A-160E-446E-BFE3-785799F88469}.Debug|x86.Build.0 = Debug|Any CPU
		{F040447A-160E-446E-BFE3-785799F88469}.Release|Any CPU.ActiveCfg = Release|Any CPU
		{F040447A-160E-446E-BFE3-785799F88469}.Release|Any CPU.Build.0 = Release|Any CPU
		{F040447A-160E-446E-BFE3-785799F88469}.Release|ARM.ActiveCfg = Release|Any CPU
		{F040447A-160E-446E-BFE3-785799F88469}.Release|ARM.Build.0 = Release|Any CPU
		{F040447A-160E-446E-BFE3-785799F88469}.Release|ARM64.ActiveCfg = Release|Any CPU
		{F040447A-160E-446E-BFE3-785799F88469}.Release|ARM64.Build.0 = Release|Any CPU
		{F040447A-160E-446E-BFE3-785799F88469}.Release|iPhone.ActiveCfg = Release|Any CPU
		{F040447A-160E-446E-BFE3-785799F88469}.Release|iPhone.Build.0 = Release|Any CPU
		{F040447A-160E-446E-BFE3-785799F88469}.Release|iPhoneSimulator.ActiveCfg = Release|Any CPU
		{F040447A-160E-446E-BFE3-785799F88469}.Release|iPhoneSimulator.Build.0 = Release|Any CPU
		{F040447A-160E-446E-BFE3-785799F88469}.Release|x64.ActiveCfg = Release|Any CPU
		{F040447A-160E-446E-BFE3-785799F88469}.Release|x64.Build.0 = Release|Any CPU
		{F040447A-160E-446E-BFE3-785799F88469}.Release|x86.ActiveCfg = Release|Any CPU
		{F040447A-160E-446E-BFE3-785799F88469}.Release|x86.Build.0 = Release|Any CPU
		{C65F3EE6-E635-445F-BC4E-9918CC9C68F6}.Debug|Any CPU.ActiveCfg = Debug|Any CPU
		{C65F3EE6-E635-445F-BC4E-9918CC9C68F6}.Debug|Any CPU.Build.0 = Debug|Any CPU
		{C65F3EE6-E635-445F-BC4E-9918CC9C68F6}.Debug|ARM.ActiveCfg = Debug|Any CPU
		{C65F3EE6-E635-445F-BC4E-9918CC9C68F6}.Debug|ARM.Build.0 = Debug|Any CPU
		{C65F3EE6-E635-445F-BC4E-9918CC9C68F6}.Debug|ARM64.ActiveCfg = Debug|Any CPU
		{C65F3EE6-E635-445F-BC4E-9918CC9C68F6}.Debug|ARM64.Build.0 = Debug|Any CPU
		{C65F3EE6-E635-445F-BC4E-9918CC9C68F6}.Debug|iPhone.ActiveCfg = Debug|Any CPU
		{C65F3EE6-E635-445F-BC4E-9918CC9C68F6}.Debug|iPhone.Build.0 = Debug|Any CPU
		{C65F3EE6-E635-445F-BC4E-9918CC9C68F6}.Debug|iPhoneSimulator.ActiveCfg = Debug|Any CPU
		{C65F3EE6-E635-445F-BC4E-9918CC9C68F6}.Debug|iPhoneSimulator.Build.0 = Debug|Any CPU
		{C65F3EE6-E635-445F-BC4E-9918CC9C68F6}.Debug|x64.ActiveCfg = Debug|Any CPU
		{C65F3EE6-E635-445F-BC4E-9918CC9C68F6}.Debug|x64.Build.0 = Debug|Any CPU
		{C65F3EE6-E635-445F-BC4E-9918CC9C68F6}.Debug|x86.ActiveCfg = Debug|Any CPU
		{C65F3EE6-E635-445F-BC4E-9918CC9C68F6}.Debug|x86.Build.0 = Debug|Any CPU
		{C65F3EE6-E635-445F-BC4E-9918CC9C68F6}.Release|Any CPU.ActiveCfg = Release|Any CPU
		{C65F3EE6-E635-445F-BC4E-9918CC9C68F6}.Release|Any CPU.Build.0 = Release|Any CPU
		{C65F3EE6-E635-445F-BC4E-9918CC9C68F6}.Release|ARM.ActiveCfg = Release|Any CPU
		{C65F3EE6-E635-445F-BC4E-9918CC9C68F6}.Release|ARM.Build.0 = Release|Any CPU
		{C65F3EE6-E635-445F-BC4E-9918CC9C68F6}.Release|ARM64.ActiveCfg = Release|Any CPU
		{C65F3EE6-E635-445F-BC4E-9918CC9C68F6}.Release|ARM64.Build.0 = Release|Any CPU
		{C65F3EE6-E635-445F-BC4E-9918CC9C68F6}.Release|iPhone.ActiveCfg = Release|Any CPU
		{C65F3EE6-E635-445F-BC4E-9918CC9C68F6}.Release|iPhone.Build.0 = Release|Any CPU
		{C65F3EE6-E635-445F-BC4E-9918CC9C68F6}.Release|iPhoneSimulator.ActiveCfg = Release|Any CPU
		{C65F3EE6-E635-445F-BC4E-9918CC9C68F6}.Release|iPhoneSimulator.Build.0 = Release|Any CPU
		{C65F3EE6-E635-445F-BC4E-9918CC9C68F6}.Release|x64.ActiveCfg = Release|Any CPU
		{C65F3EE6-E635-445F-BC4E-9918CC9C68F6}.Release|x64.Build.0 = Release|Any CPU
		{C65F3EE6-E635-445F-BC4E-9918CC9C68F6}.Release|x86.ActiveCfg = Release|Any CPU
		{C65F3EE6-E635-445F-BC4E-9918CC9C68F6}.Release|x86.Build.0 = Release|Any CPU
		{CA25839A-CA2E-42E2-87B4-6C1C2AFAAAA7}.Debug|Any CPU.ActiveCfg = Debug|Any CPU
		{CA25839A-CA2E-42E2-87B4-6C1C2AFAAAA7}.Debug|Any CPU.Build.0 = Debug|Any CPU
		{CA25839A-CA2E-42E2-87B4-6C1C2AFAAAA7}.Debug|Any CPU.Deploy.0 = Debug|Any CPU
		{CA25839A-CA2E-42E2-87B4-6C1C2AFAAAA7}.Debug|ARM.ActiveCfg = Debug|Any CPU
		{CA25839A-CA2E-42E2-87B4-6C1C2AFAAAA7}.Debug|ARM.Build.0 = Debug|Any CPU
		{CA25839A-CA2E-42E2-87B4-6C1C2AFAAAA7}.Debug|ARM.Deploy.0 = Debug|Any CPU
		{CA25839A-CA2E-42E2-87B4-6C1C2AFAAAA7}.Debug|ARM64.ActiveCfg = Debug|Any CPU
		{CA25839A-CA2E-42E2-87B4-6C1C2AFAAAA7}.Debug|ARM64.Build.0 = Debug|Any CPU
		{CA25839A-CA2E-42E2-87B4-6C1C2AFAAAA7}.Debug|ARM64.Deploy.0 = Debug|Any CPU
		{CA25839A-CA2E-42E2-87B4-6C1C2AFAAAA7}.Debug|iPhone.ActiveCfg = Debug|Any CPU
		{CA25839A-CA2E-42E2-87B4-6C1C2AFAAAA7}.Debug|iPhone.Build.0 = Debug|Any CPU
		{CA25839A-CA2E-42E2-87B4-6C1C2AFAAAA7}.Debug|iPhone.Deploy.0 = Debug|Any CPU
		{CA25839A-CA2E-42E2-87B4-6C1C2AFAAAA7}.Debug|iPhoneSimulator.ActiveCfg = Debug|Any CPU
		{CA25839A-CA2E-42E2-87B4-6C1C2AFAAAA7}.Debug|iPhoneSimulator.Build.0 = Debug|Any CPU
		{CA25839A-CA2E-42E2-87B4-6C1C2AFAAAA7}.Debug|iPhoneSimulator.Deploy.0 = Debug|Any CPU
		{CA25839A-CA2E-42E2-87B4-6C1C2AFAAAA7}.Debug|x64.ActiveCfg = Debug|Any CPU
		{CA25839A-CA2E-42E2-87B4-6C1C2AFAAAA7}.Debug|x64.Build.0 = Debug|Any CPU
		{CA25839A-CA2E-42E2-87B4-6C1C2AFAAAA7}.Debug|x64.Deploy.0 = Debug|Any CPU
		{CA25839A-CA2E-42E2-87B4-6C1C2AFAAAA7}.Debug|x86.ActiveCfg = Debug|Any CPU
		{CA25839A-CA2E-42E2-87B4-6C1C2AFAAAA7}.Debug|x86.Build.0 = Debug|Any CPU
		{CA25839A-CA2E-42E2-87B4-6C1C2AFAAAA7}.Debug|x86.Deploy.0 = Debug|Any CPU
		{CA25839A-CA2E-42E2-87B4-6C1C2AFAAAA7}.Release|Any CPU.ActiveCfg = Release|Any CPU
		{CA25839A-CA2E-42E2-87B4-6C1C2AFAAAA7}.Release|Any CPU.Build.0 = Release|Any CPU
		{CA25839A-CA2E-42E2-87B4-6C1C2AFAAAA7}.Release|Any CPU.Deploy.0 = Release|Any CPU
		{CA25839A-CA2E-42E2-87B4-6C1C2AFAAAA7}.Release|ARM.ActiveCfg = Release|Any CPU
		{CA25839A-CA2E-42E2-87B4-6C1C2AFAAAA7}.Release|ARM.Build.0 = Release|Any CPU
		{CA25839A-CA2E-42E2-87B4-6C1C2AFAAAA7}.Release|ARM.Deploy.0 = Release|Any CPU
		{CA25839A-CA2E-42E2-87B4-6C1C2AFAAAA7}.Release|ARM64.ActiveCfg = Release|Any CPU
		{CA25839A-CA2E-42E2-87B4-6C1C2AFAAAA7}.Release|ARM64.Build.0 = Release|Any CPU
		{CA25839A-CA2E-42E2-87B4-6C1C2AFAAAA7}.Release|ARM64.Deploy.0 = Release|Any CPU
		{CA25839A-CA2E-42E2-87B4-6C1C2AFAAAA7}.Release|iPhone.ActiveCfg = Release|Any CPU
		{CA25839A-CA2E-42E2-87B4-6C1C2AFAAAA7}.Release|iPhone.Build.0 = Release|Any CPU
		{CA25839A-CA2E-42E2-87B4-6C1C2AFAAAA7}.Release|iPhone.Deploy.0 = Release|Any CPU
		{CA25839A-CA2E-42E2-87B4-6C1C2AFAAAA7}.Release|iPhoneSimulator.ActiveCfg = Release|Any CPU
		{CA25839A-CA2E-42E2-87B4-6C1C2AFAAAA7}.Release|iPhoneSimulator.Build.0 = Release|Any CPU
		{CA25839A-CA2E-42E2-87B4-6C1C2AFAAAA7}.Release|iPhoneSimulator.Deploy.0 = Release|Any CPU
		{CA25839A-CA2E-42E2-87B4-6C1C2AFAAAA7}.Release|x64.ActiveCfg = Release|Any CPU
		{CA25839A-CA2E-42E2-87B4-6C1C2AFAAAA7}.Release|x64.Build.0 = Release|Any CPU
		{CA25839A-CA2E-42E2-87B4-6C1C2AFAAAA7}.Release|x64.Deploy.0 = Release|Any CPU
		{CA25839A-CA2E-42E2-87B4-6C1C2AFAAAA7}.Release|x86.ActiveCfg = Release|Any CPU
		{CA25839A-CA2E-42E2-87B4-6C1C2AFAAAA7}.Release|x86.Build.0 = Release|Any CPU
		{CA25839A-CA2E-42E2-87B4-6C1C2AFAAAA7}.Release|x86.Deploy.0 = Release|Any CPU
		{FD48DBBC-77C4-4480-AD7F-85F1F5125178}.Debug|Any CPU.ActiveCfg = Debug|iPhone
		{FD48DBBC-77C4-4480-AD7F-85F1F5125178}.Debug|ARM.ActiveCfg = Debug|iPhone
		{FD48DBBC-77C4-4480-AD7F-85F1F5125178}.Debug|ARM64.ActiveCfg = Debug|iPhone
		{FD48DBBC-77C4-4480-AD7F-85F1F5125178}.Debug|iPhone.ActiveCfg = Debug|iPhone
		{FD48DBBC-77C4-4480-AD7F-85F1F5125178}.Debug|iPhone.Build.0 = Debug|iPhone
		{FD48DBBC-77C4-4480-AD7F-85F1F5125178}.Debug|iPhoneSimulator.ActiveCfg = Debug|iPhoneSimulator
		{FD48DBBC-77C4-4480-AD7F-85F1F5125178}.Debug|iPhoneSimulator.Build.0 = Debug|iPhoneSimulator
		{FD48DBBC-77C4-4480-AD7F-85F1F5125178}.Debug|x64.ActiveCfg = Debug|iPhone
		{FD48DBBC-77C4-4480-AD7F-85F1F5125178}.Debug|x86.ActiveCfg = Debug|iPhone
		{FD48DBBC-77C4-4480-AD7F-85F1F5125178}.Release|Any CPU.ActiveCfg = Release|iPhone
		{FD48DBBC-77C4-4480-AD7F-85F1F5125178}.Release|ARM.ActiveCfg = Release|iPhone
		{FD48DBBC-77C4-4480-AD7F-85F1F5125178}.Release|ARM64.ActiveCfg = Release|iPhone
		{FD48DBBC-77C4-4480-AD7F-85F1F5125178}.Release|iPhone.ActiveCfg = Release|iPhone
		{FD48DBBC-77C4-4480-AD7F-85F1F5125178}.Release|iPhone.Build.0 = Release|iPhone
		{FD48DBBC-77C4-4480-AD7F-85F1F5125178}.Release|iPhoneSimulator.ActiveCfg = Release|iPhoneSimulator
		{FD48DBBC-77C4-4480-AD7F-85F1F5125178}.Release|iPhoneSimulator.Build.0 = Release|iPhoneSimulator
		{FD48DBBC-77C4-4480-AD7F-85F1F5125178}.Release|x64.ActiveCfg = Release|iPhone
		{FD48DBBC-77C4-4480-AD7F-85F1F5125178}.Release|x86.ActiveCfg = Release|iPhone
	EndGlobalSection
	GlobalSection(SolutionProperties) = preSolution
		HideSolutionNode = FALSE
	EndGlobalSection
	GlobalSection(ExtensibilityGlobals) = postSolution
		SolutionGuid = {B3C43138-83F4-474E-862C-DE96199E743A}
	EndGlobalSection
EndGlobal
